
Microsoft Visual Studio Solution File, Format Version 12.00
# Visual Studio Version 16
VisualStudioVersion = 16.0.31624.102
MinimumVisualStudioVersion = 10.0.40219.1
Project("{FAE04EC0-301F-11D3-BF4B-00C04F79EFBC}") = "RotateArrayRight", "RotateArrayRight\RotateArrayRight.csproj", "{5DD0EA68-2C15-4CF0-A978-9BDBBD0DB9DB}"
EndProject
Global
	GlobalSection(SolutionConfigurationPlatforms) = preSolution
		Debug|Any CPU = Debug|Any CPU
		Release|Any CPU = Release|Any CPU
	EndGlobalSection
	GlobalSection(ProjectConfigurationPlatforms) = postSolution
		{5DD0EA68-2C15-4CF0-A978-9BDBBD0DB9DB}.Debug|Any CPU.ActiveCfg = Debug|Any CPU
		{5DD0EA68-2C15-4CF0-A978-9BDBBD0DB9DB}.Debug|Any CPU.Build.0 = Debug|Any CPU
		{5DD0EA68-2C15-4CF0-A978-9BDBBD0DB9DB}.Release|Any CPU.ActiveCfg = Release|Any CPU
		{5DD0EA68-2C15-4CF0-A978-9BDBBD0DB9DB}.Release|Any CPU.Build.0 = Release|Any CPU
	EndGlobalSection
	GlobalSection(SolutionProperties) = preSolution
		HideSolutionNode = FALSE
	EndGlobalSection
	GlobalSection(ExtensibilityGlobals) = postSolution
		SolutionGuid = {B8ADCD6B-C13F-434C-B1B9-20DF5103378A}
	EndGlobalSection
EndGlobal
